
Microsoft Visual Studio Solution File, Format Version 12.00
# Visual Studio Version 17
VisualStudioVersion = 17.0.31903.59
MinimumVisualStudioVersion = 10.0.40219.1
Project("{FAE04EC0-301F-11D3-BF4B-00C04F79EFBC}") = "API", "API\API.csproj", "{A76CBB4D-570C-4C43-8271-169A28DAB463}"
EndProject
Project("{FAE04EC0-301F-11D3-BF4B-00C04F79EFBC}") = "Core", "Core\Core.csproj", "{95527D40-B3B8-4B14-8DDE-FB5E5FD49D6E}"
EndProject
Project("{FAE04EC0-301F-11D3-BF4B-00C04F79EFBC}") = "Infraestructure", "Infraestructure\Infraestructure.csproj", "{FA15DA55-4224-4766-B5F7-7F6290AEADB4}"
EndProject
Global
	GlobalSection(SolutionConfigurationPlatforms) = preSolution
		Debug|Any CPU = Debug|Any CPU
		Release|Any CPU = Release|Any CPU
	EndGlobalSection
	GlobalSection(SolutionProperties) = preSolution
		HideSolutionNode = FALSE
	EndGlobalSection
	GlobalSection(ProjectConfigurationPlatforms) = postSolution
		{A76CBB4D-570C-4C43-8271-169A28DAB463}.Debug|Any CPU.ActiveCfg = Debug|Any CPU
		{A76CBB4D-570C-4C43-8271-169A28DAB463}.Debug|Any CPU.Build.0 = Debug|Any CPU
		{A76CBB4D-570C-4C43-8271-169A28DAB463}.Release|Any CPU.ActiveCfg = Release|Any CPU
		{A76CBB4D-570C-4C43-8271-169A28DAB463}.Release|Any CPU.Build.0 = Release|Any CPU
		{95527D40-B3B8-4B14-8DDE-FB5E5FD49D6E}.Debug|Any CPU.ActiveCfg = Debug|Any CPU
		{95527D40-B3B8-4B14-8DDE-FB5E5FD49D6E}.Debug|Any CPU.Build.0 = Debug|Any CPU
		{95527D40-B3B8-4B14-8DDE-FB5E5FD49D6E}.Release|Any CPU.ActiveCfg = Release|Any CPU
		{95527D40-B3B8-4B14-8DDE-FB5E5FD49D6E}.Release|Any CPU.Build.0 = Release|Any CPU
		{FA15DA55-4224-4766-B5F7-7F6290AEADB4}.Debug|Any CPU.ActiveCfg = Debug|Any CPU
		{FA15DA55-4224-4766-B5F7-7F6290AEADB4}.Debug|Any CPU.Build.0 = Debug|Any CPU
		{FA15DA55-4224-4766-B5F7-7F6290AEADB4}.Release|Any CPU.ActiveCfg = Release|Any CPU
		{FA15DA55-4224-4766-B5F7-7F6290AEADB4}.Release|Any CPU.Build.0 = Release|Any CPU
	EndGlobalSection
EndGlobal
